
Microsoft Visual Studio Solution File, Format Version 12.00
# Visual Studio Version 17
VisualStudioVersion = 17.3.32901.215
MinimumVisualStudioVersion = 10.0.40219.1
Project("{FAE04EC0-301F-11D3-BF4B-00C04F79EFBC}") = "ASPNetCoreMVCLayout", "ASPNetCoreMVCLayout.csproj", "{B354E2B6-D989-41BC-AF63-1AAC2A34F0D6}"
EndProject
Global
	GlobalSection(SolutionConfigurationPlatforms) = preSolution
		Debug|Any CPU = Debug|Any CPU
		Release|Any CPU = Release|Any CPU
	EndGlobalSection
	GlobalSection(ProjectConfigurationPlatforms) = postSolution
		{B354E2B6-D989-41BC-AF63-1AAC2A34F0D6}.Debug|Any CPU.ActiveCfg = Debug|Any CPU
		{B354E2B6-D989-41BC-AF63-1AAC2A34F0D6}.Debug|Any CPU.Build.0 = Debug|Any CPU
		{B354E2B6-D989-41BC-AF63-1AAC2A34F0D6}.Release|Any CPU.ActiveCfg = Release|Any CPU
		{B354E2B6-D989-41BC-AF63-1AAC2A34F0D6}.Release|Any CPU.Build.0 = Release|Any CPU
	EndGlobalSection
	GlobalSection(SolutionProperties) = preSolution
		HideSolutionNode = FALSE
	EndGlobalSection
	GlobalSection(ExtensibilityGlobals) = postSolution
		SolutionGuid = {1F17EFE9-EA32-45B1-BCF3-D285F62622F0}
	EndGlobalSection
EndGlobal
